
Microsoft Visual Studio Solution File, Format Version 12.00
# Visual Studio 2013
VisualStudioVersion = 12.0.31101.0
MinimumVisualStudioVersion = 10.0.40219.1
Project("{FAE04EC0-301F-11D3-BF4B-00C04F79EFBC}") = "TSPAnde.Lib", "TSPAnde.Lib\TSPAnde.Lib.csproj", "{E0EFD161-510E-43D3-AD6B-2952F2EE8492}"
EndProject
Project("{FAE04EC0-301F-11D3-BF4B-00C04F79EFBC}") = "ConsoleApp", "ConsoleApp\ConsoleApp.csproj", "{C6368E07-9077-4982-8404-A6E175169811}"
EndProject
Project("{FAE04EC0-301F-11D3-BF4B-00C04F79EFBC}") = "WinFormApp", "WinFormApp\WinFormApp.csproj", "{0024D510-70F1-48F1-AED1-CB1C61C03719}"
EndProject
Project("{FAE04EC0-301F-11D3-BF4B-00C04F79EFBC}") = "ProgramManager", "ProgramManager\ProgramManager.csproj", "{B165E963-9C48-4A41-8A4E-56C4FBA37C73}"
EndProject
Project("{FAE04EC0-301F-11D3-BF4B-00C04F79EFBC}") = "WebBaiduApp", "WebBaiduApp\WebBaiduApp.csproj", "{0D1DAD0B-F600-4F1E-82D5-99C473C29EFC}"
EndProject
Project("{F088123C-0E9E-452A-89E6-6BA2F21D5CAC}") = "ModelingProject", "ModelingProject\ModelingProject.modelproj", "{92AB1ED9-BDC5-43B5-97C0-71CE2F20B89B}"
EndProject
Global
	GlobalSection(SolutionConfigurationPlatforms) = preSolution
		Debug|Any CPU = Debug|Any CPU
		Release|Any CPU = Release|Any CPU
	EndGlobalSection
	GlobalSection(ProjectConfigurationPlatforms) = postSolution
		{E0EFD161-510E-43D3-AD6B-2952F2EE8492}.Debug|Any CPU.ActiveCfg = Debug|Any CPU
		{E0EFD161-510E-43D3-AD6B-2952F2EE8492}.Debug|Any CPU.Build.0 = Debug|Any CPU
		{E0EFD161-510E-43D3-AD6B-2952F2EE8492}.Release|Any CPU.ActiveCfg = Release|Any CPU
		{E0EFD161-510E-43D3-AD6B-2952F2EE8492}.Release|Any CPU.Build.0 = Release|Any CPU
		{C6368E07-9077-4982-8404-A6E175169811}.Debug|Any CPU.ActiveCfg = Debug|Any CPU
		{C6368E07-9077-4982-8404-A6E175169811}.Debug|Any CPU.Build.0 = Debug|Any CPU
		{C6368E07-9077-4982-8404-A6E175169811}.Release|Any CPU.ActiveCfg = Release|Any CPU
		{C6368E07-9077-4982-8404-A6E175169811}.Release|Any CPU.Build.0 = Release|Any CPU
		{0024D510-70F1-48F1-AED1-CB1C61C03719}.Debug|Any CPU.ActiveCfg = Debug|Any CPU
		{0024D510-70F1-48F1-AED1-CB1C61C03719}.Debug|Any CPU.Build.0 = Debug|Any CPU
		{0024D510-70F1-48F1-AED1-CB1C61C03719}.Release|Any CPU.ActiveCfg = Release|Any CPU
		{0024D510-70F1-48F1-AED1-CB1C61C03719}.Release|Any CPU.Build.0 = Release|Any CPU
		{B165E963-9C48-4A41-8A4E-56C4FBA37C73}.Debug|Any CPU.ActiveCfg = Debug|Any CPU
		{B165E963-9C48-4A41-8A4E-56C4FBA37C73}.Debug|Any CPU.Build.0 = Debug|Any CPU
		{B165E963-9C48-4A41-8A4E-56C4FBA37C73}.Release|Any CPU.ActiveCfg = Release|Any CPU
		{B165E963-9C48-4A41-8A4E-56C4FBA37C73}.Release|Any CPU.Build.0 = Release|Any CPU
		{0D1DAD0B-F600-4F1E-82D5-99C473C29EFC}.Debug|Any CPU.ActiveCfg = Debug|Any CPU
		{0D1DAD0B-F600-4F1E-82D5-99C473C29EFC}.Debug|Any CPU.Build.0 = Debug|Any CPU
		{0D1DAD0B-F600-4F1E-82D5-99C473C29EFC}.Release|Any CPU.ActiveCfg = Release|Any CPU
		{0D1DAD0B-F600-4F1E-82D5-99C473C29EFC}.Release|Any CPU.Build.0 = Release|Any CPU
		{92AB1ED9-BDC5-43B5-97C0-71CE2F20B89B}.Debug|Any CPU.ActiveCfg = Debug|Any CPU
		{92AB1ED9-BDC5-43B5-97C0-71CE2F20B89B}.Debug|Any CPU.Build.0 = Debug|Any CPU
		{92AB1ED9-BDC5-43B5-97C0-71CE2F20B89B}.Release|Any CPU.ActiveCfg = Release|Any CPU
		{92AB1ED9-BDC5-43B5-97C0-71CE2F20B89B}.Release|Any CPU.Build.0 = Release|Any CPU
	EndGlobalSection
	GlobalSection(SolutionProperties) = preSolution
		HideSolutionNode = FALSE
	EndGlobalSection
EndGlobal
